
Microsoft Visual Studio Solution File, Format Version 12.00
# Visual Studio Version 16
VisualStudioVersion = 16.0.32126.315
MinimumVisualStudioVersion = 10.0.40219.1
Project("{FAE04EC0-301F-11D3-BF4B-00C04F79EFBC}") = "ConsoleApp29072022", "ConsoleApp29072022\ConsoleApp29072022.csproj", "{BB4B8487-40A7-4DBA-A102-8AA81D337E68}"
EndProject
Project("{FAE04EC0-301F-11D3-BF4B-00C04F79EFBC}") = "Library", "Library\Library.csproj", "{53356C9C-334B-4287-A9CA-A90B983B7009}"
EndProject
Global
	GlobalSection(SolutionConfigurationPlatforms) = preSolution
		Debug|Any CPU = Debug|Any CPU
		Release|Any CPU = Release|Any CPU
	EndGlobalSection
	GlobalSection(ProjectConfigurationPlatforms) = postSolution
		{BB4B8487-40A7-4DBA-A102-8AA81D337E68}.Debug|Any CPU.ActiveCfg = Debug|Any CPU
		{BB4B8487-40A7-4DBA-A102-8AA81D337E68}.Debug|Any CPU.Build.0 = Debug|Any CPU
		{BB4B8487-40A7-4DBA-A102-8AA81D337E68}.Release|Any CPU.ActiveCfg = Release|Any CPU
		{BB4B8487-40A7-4DBA-A102-8AA81D337E68}.Release|Any CPU.Build.0 = Release|Any CPU
		{53356C9C-334B-4287-A9CA-A90B983B7009}.Debug|Any CPU.ActiveCfg = Debug|Any CPU
		{53356C9C-334B-4287-A9CA-A90B983B7009}.Debug|Any CPU.Build.0 = Debug|Any CPU
		{53356C9C-334B-4287-A9CA-A90B983B7009}.Release|Any CPU.ActiveCfg = Release|Any CPU
		{53356C9C-334B-4287-A9CA-A90B983B7009}.Release|Any CPU.Build.0 = Release|Any CPU
	EndGlobalSection
	GlobalSection(SolutionProperties) = preSolution
		HideSolutionNode = FALSE
	EndGlobalSection
	GlobalSection(ExtensibilityGlobals) = postSolution
		SolutionGuid = {787B34EF-F7E5-45A9-85C5-75D29246055E}
	EndGlobalSection
EndGlobal
